
Microsoft Visual Studio Solution File, Format Version 12.00
# Visual Studio Version 17
VisualStudioVersion = 17.12.35707.178 d17.12
MinimumVisualStudioVersion = 10.0.40219.1
Project("{FAE04EC0-301F-11D3-BF4B-00C04F79EFBC}") = "VueApp1.Server", "VueApp1.Server\VueApp1.Server.csproj", "{3C1019ED-7238-49B4-9E69-444A48D4943C}"
EndProject
Project("{54A90642-561A-4BB1-A94E-469ADEE60C69}") = "vueapp1.client", "vueapp1.client\vueapp1.client.esproj", "{A52626A3-5663-476C-9440-37BD7B0884F9}"
EndProject
Global
	GlobalSection(SolutionConfigurationPlatforms) = preSolution
		Debug|Any CPU = Debug|Any CPU
		Release|Any CPU = Release|Any CPU
	EndGlobalSection
	GlobalSection(ProjectConfigurationPlatforms) = postSolution
		{3C1019ED-7238-49B4-9E69-444A48D4943C}.Debug|Any CPU.ActiveCfg = Debug|Any CPU
		{3C1019ED-7238-49B4-9E69-444A48D4943C}.Debug|Any CPU.Build.0 = Debug|Any CPU
		{3C1019ED-7238-49B4-9E69-444A48D4943C}.Release|Any CPU.ActiveCfg = Release|Any CPU
		{3C1019ED-7238-49B4-9E69-444A48D4943C}.Release|Any CPU.Build.0 = Release|Any CPU
		{A52626A3-5663-476C-9440-37BD7B0884F9}.Debug|Any CPU.ActiveCfg = Debug|Any CPU
		{A52626A3-5663-476C-9440-37BD7B0884F9}.Debug|Any CPU.Build.0 = Debug|Any CPU
		{A52626A3-5663-476C-9440-37BD7B0884F9}.Debug|Any CPU.Deploy.0 = Debug|Any CPU
		{A52626A3-5663-476C-9440-37BD7B0884F9}.Release|Any CPU.ActiveCfg = Release|Any CPU
		{A52626A3-5663-476C-9440-37BD7B0884F9}.Release|Any CPU.Build.0 = Release|Any CPU
		{A52626A3-5663-476C-9440-37BD7B0884F9}.Release|Any CPU.Deploy.0 = Release|Any CPU
	EndGlobalSection
	GlobalSection(SolutionProperties) = preSolution
		HideSolutionNode = FALSE
	EndGlobalSection
EndGlobal
